
Microsoft Visual Studio Solution File, Format Version 12.00
# Visual Studio Version 16
VisualStudioVersion = 16.0.30804.86
MinimumVisualStudioVersion = 10.0.40219.1
Project("{FAE04EC0-301F-11D3-BF4B-00C04F79EFBC}") = "YuhorWebApp", "YuhorWebApp\YuhorWebApp.csproj", "{B8FC3897-AA86-48C7-BFF4-860C2B73C8CD}"
EndProject
Global
	GlobalSection(SolutionConfigurationPlatforms) = preSolution
		Debug|Any CPU = Debug|Any CPU
		Release|Any CPU = Release|Any CPU
	EndGlobalSection
	GlobalSection(ProjectConfigurationPlatforms) = postSolution
		{B8FC3897-AA86-48C7-BFF4-860C2B73C8CD}.Debug|Any CPU.ActiveCfg = Debug|Any CPU
		{B8FC3897-AA86-48C7-BFF4-860C2B73C8CD}.Debug|Any CPU.Build.0 = Debug|Any CPU
		{B8FC3897-AA86-48C7-BFF4-860C2B73C8CD}.Release|Any CPU.ActiveCfg = Release|Any CPU
		{B8FC3897-AA86-48C7-BFF4-860C2B73C8CD}.Release|Any CPU.Build.0 = Release|Any CPU
	EndGlobalSection
	GlobalSection(SolutionProperties) = preSolution
		HideSolutionNode = FALSE
	EndGlobalSection
	GlobalSection(ExtensibilityGlobals) = postSolution
		SolutionGuid = {DB2416E7-DDFC-4868-9E4E-A6ACCE8A546B}
	EndGlobalSection
EndGlobal
